
Microsoft Visual Studio Solution File, Format Version 12.00
# Visual Studio Version 16
VisualStudioVersion = 16.0.31624.102
MinimumVisualStudioVersion = 10.0.40219.1
Project("{FAE04EC0-301F-11D3-BF4B-00C04F79EFBC}") = "Homework 4 Project 1", "Homework 4 Project 1\Homework 4 Project 1.csproj", "{B297A8AB-501C-4F4C-AEA9-C4FC2672AAE4}"
EndProject
Project("{FAE04EC0-301F-11D3-BF4B-00C04F79EFBC}") = "Homework 4 Project 2", "Homework 4 Project 2\Homework 4 Project 2.csproj", "{A0176AEC-FBB9-4F95-8D2C-0B1A2EE0605E}"
EndProject
Global
	GlobalSection(SolutionConfigurationPlatforms) = preSolution
		Debug|Any CPU = Debug|Any CPU
		Release|Any CPU = Release|Any CPU
	EndGlobalSection
	GlobalSection(ProjectConfigurationPlatforms) = postSolution
		{B297A8AB-501C-4F4C-AEA9-C4FC2672AAE4}.Debug|Any CPU.ActiveCfg = Debug|Any CPU
		{B297A8AB-501C-4F4C-AEA9-C4FC2672AAE4}.Debug|Any CPU.Build.0 = Debug|Any CPU
		{B297A8AB-501C-4F4C-AEA9-C4FC2672AAE4}.Release|Any CPU.ActiveCfg = Release|Any CPU
		{B297A8AB-501C-4F4C-AEA9-C4FC2672AAE4}.Release|Any CPU.Build.0 = Release|Any CPU
		{A0176AEC-FBB9-4F95-8D2C-0B1A2EE0605E}.Debug|Any CPU.ActiveCfg = Debug|Any CPU
		{A0176AEC-FBB9-4F95-8D2C-0B1A2EE0605E}.Debug|Any CPU.Build.0 = Debug|Any CPU
		{A0176AEC-FBB9-4F95-8D2C-0B1A2EE0605E}.Release|Any CPU.ActiveCfg = Release|Any CPU
		{A0176AEC-FBB9-4F95-8D2C-0B1A2EE0605E}.Release|Any CPU.Build.0 = Release|Any CPU
	EndGlobalSection
	GlobalSection(SolutionProperties) = preSolution
		HideSolutionNode = FALSE
	EndGlobalSection
	GlobalSection(ExtensibilityGlobals) = postSolution
		SolutionGuid = {D93F6843-F31E-4348-B294-974216D37FC1}
	EndGlobalSection
EndGlobal
